// !$*UTF8*$!
{
	archiveVersion = 1;
	classes = {
	};
	objectVersion = 50;
	objects = {

/* Begin PBXBuildFile section */
		405575DC20A6B7D50027C8F5 /* main.swift in Sources */ = {isa = PBXBuildFile; fileRef = 405575DB20A6B7D50027C8F5 /* main.swift */; };
		405575E320A6B7F20027C8F5 /* Rational.swift in Sources */ = {isa = PBXBuildFile; fileRef = 405575E220A6B7F20027C8F5 /* Rational.swift */; };
		405575EB20A6BAAB0027C8F5 /* test_LR51.swift in Sources */ = {isa = PBXBuildFile; fileRef = 405575EA20A6BAAB0027C8F5 /* test_LR51.swift */; };
		405575F020A6BAB60027C8F5 /* Rational.swift in Sources */ = {isa = PBXBuildFile; fileRef = 405575E220A6B7F20027C8F5 /* Rational.swift */; };
/* End PBXBuildFile section */

/* Begin PBXCopyFilesBuildPhase section */
		405575D620A6B7D50027C8F5 /* CopyFiles */ = {
			isa = PBXCopyFilesBuildPhase;
			buildActionMask = 2147483647;
			dstPath = /usr/share/man/man1/;
			dstSubfolderSpec = 0;
			files = (
			);
			runOnlyForDeploymentPostprocessing = 1;
		};
/* End PBXCopyFilesBuildPhase section */

/* Begin PBXFileReference section */
		405575D820A6B7D50027C8F5 /* LR51 */ = {isa = PBXFileReference; explicitFileType = "compiled.mach-o.executable"; includeInIndex = 0; path = LR51; sourceTree = BUILT_PRODUCTS_DIR; };
		405575DB20A6B7D50027C8F5 /* main.swift */ = {isa = PBXFileReference; lastKnownFileType = sourcecode.swift; path = main.swift; sourceTree = "<group>"; };
		405575E220A6B7F20027C8F5 /* Rational.swift */ = {isa = PBXFileReference; lastKnownFileType = sourcecode.swift; path = Rational.swift; sourceTree = "<group>"; };
		405575E820A6BAAB0027C8F5 /* test_LR51.xctest */ = {isa = PBXFileReference; explicitFileType = wrapper.cfbundle; includeInIndex = 0; path = test_LR51.xctest; sourceTree = BUILT_PRODUCTS_DIR; };
		405575EA20A6BAAB0027C8F5 /* test_LR51.swift */ = {isa = PBXFileReference; lastKnownFileType = sourcecode.swift; path = test_LR51.swift; sourceTree = "<group>"; };
		405575EC20A6BAAB0027C8F5 /* Info.plist */ = {isa = PBXFileReference; lastKnownFileType = text.plist.xml; path = Info.plist; sourceTree = "<group>"; };
/* End PBXFileReference section */

/* Begin PBXFrameworksBuildPhase section */
		405575D520A6B7D50027C8F5 /* Frameworks */ = {
			isa = PBXFrameworksBuildPhase;
			buildActionMask = 2147483647;
			files = (
			);
			runOnlyForDeploymentPostprocessing = 0;
		};
		405575E520A6BAAB0027C8F5 /* Frameworks */ = {
			isa = PBXFrameworksBuildPhase;
			buildActionMask = 2147483647;
			files = (
			);
			runOnlyForDeploymentPostprocessing = 0;
		};
/* End PBXFrameworksBuildPhase section */

/* Begin PBXGroup section */
		405575CF20A6B7D50027C8F5 = {
			isa = PBXGroup;
			children = (
				405575DA20A6B7D50027C8F5 /* LR51 */,
				405575E920A6BAAB0027C8F5 /* test_LR51 */,
				405575D920A6B7D50027C8F5 /* Products */,
			);
			sourceTree = "<group>";
		};
		405575D920A6B7D50027C8F5 /* Products */ = {
			isa = PBXGroup;
			children = (
				405575D820A6B7D50027C8F5 /* LR51 */,
				405575E820A6BAAB0027C8F5 /* test_LR51.xctest */,
			);
			name = Products;
			sourceTree = "<group>";
		};
		405575DA20A6B7D50027C8F5 /* LR51 */ = {
			isa = PBXGroup;
			children = (
				405575DB20A6B7D50027C8F5 /* main.swift */,
				405575E220A6B7F20027C8F5 /* Rational.swift */,
			);
			path = LR51;
			sourceTree = "<group>";
		};
		405575E920A6BAAB0027C8F5 /* test_LR51 */ = {
			isa = PBXGroup;
			children = (
				405575EA20A6BAAB0027C8F5 /* test_LR51.swift */,
				405575EC20A6BAAB0027C8F5 /* Info.plist */,
			);
			path = test_LR51;
			sourceTree = "<group>";
		};
/* End PBXGroup section */

/* Begin PBXNativeTarget section */
		405575D720A6B7D50027C8F5 /* LR51 */ = {
			isa = PBXNativeTarget;
			buildConfigurationList = 405575DF20A6B7D50027C8F5 /* Build configuration list for PBXNativeTarget "LR51" */;
			buildPhases = (
				405575D420A6B7D50027C8F5 /* Sources */,
				405575D520A6B7D50027C8F5 /* Frameworks */,
				405575D620A6B7D50027C8F5 /* CopyFiles */,
			);
			buildRules = (
			);
			dependencies = (
			);
			name = LR51;
			productName = LR51;
			productReference = 405575D820A6B7D50027C8F5 /* LR51 */;
			productType = "com.apple.product-type.tool";
		};
		405575E720A6BAAB0027C8F5 /* test_LR51 */ = {
			isa = PBXNativeTarget;
			buildConfigurationList = 405575ED20A6BAAB0027C8F5 /* Build configuration list for PBXNativeTarget "test_LR51" */;
			buildPhases = (
				405575E420A6BAAB0027C8F5 /* Sources */,
				405575E520A6BAAB0027C8F5 /* Frameworks */,
				405575E620A6BAAB0027C8F5 /* Resources */,
			);
			buildRules = (
			);
			dependencies = (
			);
			name = test_LR51;
			productName = test_LR51;
			productReference = 405575E820A6BAAB0027C8F5 /* test_LR51.xctest */;
			productType = "com.apple.product-type.bundle.unit-test";
		};
/* End PBXNativeTarget section */

/* Begin PBXProject section */
		405575D020A6B7D50027C8F5 /* Project object */ = {
			isa = PBXProject;
			attributes = {
				LastSwiftUpdateCheck = 0930;
				LastUpgradeCheck = 0930;
				ORGANIZATIONNAME = Marty;
				TargetAttributes = {
					405575D720A6B7D50027C8F5 = {
						CreatedOnToolsVersion = 9.3;
					};
					405575E720A6BAAB0027C8F5 = {
						CreatedOnToolsVersion = 9.3;
					};
				};
			};
			buildConfigurationList = 405575D320A6B7D50027C8F5 /* Build configuration list for PBXProject "LR51" */;
			compatibilityVersion = "Xcode 9.3";
			developmentRegion = en;
			hasScannedForEncodings = 0;
			knownRegions = (
				en,
			);
			mainGroup = 405575CF20A6B7D50027C8F5;
			productRefGroup = 405575D920A6B7D50027C8F5 /* Products */;
			projectDirPath = "";
			projectRoot = "";
			targets = (
				405575D720A6B7D50027C8F5 /* LR51 */,
				405575E720A6BAAB0027C8F5 /* test_LR51 */,
			);
		};
/* End PBXProject section */

/* Begin PBXResourcesBuildPhase section */
		405575E620A6BAAB0027C8F5 /* Resources */ = {
			isa = PBXResourcesBuildPhase;
			buildActionMask = 2147483647;
			files = (
			);
			runOnlyForDeploymentPostprocessing = 0;
		};
/* End PBXResourcesBuildPhase section */

/* Begin PBXSourcesBuildPhase section */
		405575D420A6B7D50027C8F5 /* Sources */ = {
			isa = PBXSourcesBuildPhase;
			buildActionMask = 2147483647;
			files = (
				405575DC20A6B7D50027C8F5 /* main.swift in Sources */,
				405575E320A6B7F20027C8F5 /* Rational.swift in Sources */,
			);
			runOnlyForDeploymentPostprocessing = 0;
		};
		405575E420A6BAAB0027C8F5 /* Sources */ = {
			isa = PBXSourcesBuildPhase;
			buildActionMask = 2147483647;
			files = (
				405575F020A6BAB60027C8F5 /* Rational.swift in Sources */,
				405575EB20A6BAAB0027C8F5 /* test_LR51.swift in Sources */,
			);
			runOnlyForDeploymentPostprocessing = 0;
		};
/* End PBXSourcesBuildPhase section */

/* Begin XCBuildConfiguration section */
		405575DD20A6B7D50027C8F5 /* Debug */ = {
			isa = XCBuildConfiguration;
			buildSettings = {
				ALWAYS_SEARCH_USER_PATHS = NO;
				CLANG_ANALYZER_NONNULL = YES;
				CLANG_ANALYZER_NUMBER_OBJECT_CONVERSION = YES_AGGRESSIVE;
				CLANG_CXX_LANGUAGE_STANDARD = "gnu++14";
				CLANG_CXX_LIBRARY = "libc++";
				CLANG_ENABLE_MODULES = YES;
				CLANG_ENABLE_OBJC_ARC = YES;
				CLANG_ENABLE_OBJC_WEAK = YES;
				CLANG_WARN_BLOCK_CAPTURE_AUTORELEASING = YES;
				CLANG_WARN_BOOL_CONVERSION = YES;
				CLANG_WARN_COMMA = YES;
				CLANG_WARN_CONSTANT_CONVERSION = YES;
				CLANG_WARN_DEPRECATED_OBJC_IMPLEMENTATIONS = YES;
				CLANG_WARN_DIRECT_OBJC_ISA_USAGE = YES_ERROR;
				CLANG_WARN_DOCUMENTATION_COMMENTS = YES;
				CLANG_WARN_EMPTY_BODY = YES;
				CLANG_WARN_ENUM_CONVERSION = YES;
				CLANG_WARN_INFINITE_RECURSION = YES;
				CLANG_WARN_INT_CONVERSION = YES;
				CLANG_WARN_NON_LITERAL_NULL_CONVERSION = YES;
				CLANG_WARN_OBJC_IMPLICIT_RETAIN_SELF = YES;
				CLANG_WARN_OBJC_LITERAL_CONVERSION = YES;
				CLANG_WARN_OBJC_ROOT_CLASS = YES_ERROR;
				CLANG_WARN_RANGE_LOOP_ANALYSIS = YES;
				CLANG_WARN_STRICT_PROTOTYPES = YES;
				CLANG_WARN_SUSPICIOUS_MOVE = YES;
				CLANG_WARN_UNGUARDED_AVAILABILITY = YES_AGGRESSIVE;
				CLANG_WARN_UNREACHABLE_CODE = YES;
				CLANG_WARN__DUPLICATE_METHOD_MATCH = YES;
				CODE_SIGN_IDENTITY = "Mac Developer";
				COPY_PHASE_STRIP = NO;
				DEBUG_INFORMATION_FORMAT = dwarf;
				ENABLE_STRICT_OBJC_MSGSEND = YES;
				ENABLE_TESTABILITY = YES;
				GCC_C_LANGUAGE_STANDARD = gnu11;
				GCC_DYNAMIC_NO_PIC = NO;
				GCC_NO_COMMON_BLOCKS = YES;
				GCC_OPTIMIZATION_LEVEL = 0;
				GCC_PREPROCESSOR_DEFINITIONS = (
					"DEBUG=1",
					"$(inherited)",
				);
				GCC_WARN_64_TO_32_BIT_CONVERSION = YES;
				GCC_WARN_ABOUT_RETURN_TYPE = YES_ERROR;
				GCC_WARN_UNDECLARED_SELECTOR = YES;
				GCC_WARN_UNINITIALIZED_AUTOS = YES_AGGRESSIVE;
				GCC_WARN_UNUSED_FUNCTION = YES;
				GCC_WARN_UNUSED_VARIABLE = YES;
				MACOSX_DEPLOYMENT_TARGET = 10.13;
				MTL_ENABLE_DEBUG_INFO = YES;
				ONLY_ACTIVE_ARCH = YES;
				SDKROOT = macosx;
				SWIFT_ACTIVE_COMPILATION_CONDITIONS = DEBUG;
				SWIFT_OPTIMIZATION_LEVEL = "-Onone";
			};
			name = Debug;
		};
		405575DE20A6B7D50027C8F5 /* Release */ = {
			isa = XCBuildConfiguration;
			buildSettings = {
				ALWAYS_SEARCH_USER_PATHS = NO;
				CLANG_ANALYZER_NONNULL = YES;
				CLANG_ANALYZER_NUMBER_OBJECT_CONVERSION = YES_AGGRESSIVE;
				CLANG_CXX_LANGUAGE_STANDARD = "gnu++14";
				CLANG_CXX_LIBRARY = "libc++";
				CLANG_ENABLE_MODULES = YES;
				CLANG_ENABLE_OBJC_ARC = YES;
				CLANG_ENABLE_OBJC_WEAK = YES;
				CLANG_WARN_BLOCK_CAPTURE_AUTORELEASING = YES;
				CLANG_WARN_BOOL_CONVERSION = YES;
				CLANG_WARN_COMMA = YES;
				CLANG_WARN_CONSTANT_CONVERSION = YES;
				CLANG_WARN_DEPRECATED_OBJC_IMPLEMENTATIONS = YES;
				CLANG_WARN_DIRECT_OBJC_ISA_USAGE = YES_ERROR;
				CLANG_WARN_DOCUMENTATION_COMMENTS = YES;
				CLANG_WARN_EMPTY_BODY = YES;
				CLANG_WARN_ENUM_CONVERSION = YES;
				CLANG_WARN_INFINITE_RECURSION = YES;
				CLANG_WARN_INT_CONVERSION = YES;
				CLANG_WARN_NON_LITERAL_NULL_CONVERSION = YES;
				CLANG_WARN_OBJC_IMPLICIT_RETAIN_SELF = YES;
				CLANG_WARN_OBJC_LITERAL_CONVERSION = YES;
				CLANG_WARN_OBJC_ROOT_CLASS = YES_ERROR;
				CLANG_WARN_RANGE_LOOP_ANALYSIS = YES;
				CLANG_WARN_STRICT_PROTOTYPES = YES;
				CLANG_WARN_SUSPICIOUS_MOVE = YES;
				CLANG_WARN_UNGUARDED_AVAILABILITY = YES_AGGRESSIVE;
				CLANG_WARN_UNREACHABLE_CODE = YES;
				CLANG_WARN__DUPLICATE_METHOD_MATCH = YES;
				CODE_SIGN_IDENTITY = "Mac Developer";
				COPY_PHASE_STRIP = NO;
				DEBUG_INFORMATION_FORMAT = "dwarf-with-dsym";
				ENABLE_NS_ASSERTIONS = NO;
				ENABLE_STRICT_OBJC_MSGSEND = YES;
				GCC_C_LANGUAGE_STANDARD = gnu11;
				GCC_NO_COMMON_BLOCKS = YES;
				GCC_WARN_64_TO_32_BIT_CONVERSION = YES;
				GCC_WARN_ABOUT_RETURN_TYPE = YES_ERROR;
				GCC_WARN_UNDECLARED_SELECTOR = YES;
				GCC_WARN_UNINITIALIZED_AUTOS = YES_AGGRESSIVE;
				GCC_WARN_UNUSED_FUNCTION = YES;
				GCC_WARN_UNUSED_VARIABLE = YES;
				MACOSX_DEPLOYMENT_TARGET = 10.13;
				MTL_ENABLE_DEBUG_INFO = NO;
				SDKROOT = macosx;
				SWIFT_COMPILATION_MODE = wholemodule;
				SWIFT_OPTIMIZATION_LEVEL = "-O";
			};
			name = Release;
		};
		405575E020A6B7D50027C8F5 /* Debug */ = {
			isa = XCBuildConfiguration;
			buildSettings = {
				CODE_SIGN_STYLE = Automatic;
				DEVELOPMENT_TEAM = 35DL4KA652;
				PRODUCT_NAME = "$(TARGET_NAME)";
				SWIFT_VERSION = 4.0;
			};
			name = Debug;
		};
		405575E120A6B7D50027C8F5 /* Release */ = {
			isa = XCBuildConfiguration;
			buildSettings = {
				CODE_SIGN_STYLE = Automatic;
				DEVELOPMENT_TEAM = 35DL4KA652;
				PRODUCT_NAME = "$(TARGET_NAME)";
				SWIFT_VERSION = 4.0;
			};
			name = Release;
		};
		405575EE20A6BAAB0027C8F5 /* Debug */ = {
			isa = XCBuildConfiguration;
			buildSettings = {
				CODE_SIGN_STYLE = Automatic;
				COMBINE_HIDPI_IMAGES = YES;
				DEVELOPMENT_TEAM = 35DL4KA652;
				INFOPLIST_FILE = test_LR51/Info.plist;
				LD_RUNPATH_SEARCH_PATHS = (
					"$(inherited)",
					"@executable_path/../Frameworks",
					"@loader_path/../Frameworks",
				);
				PRODUCT_BUNDLE_IDENTIFIER = "MTY.test-LR51";
				PRODUCT_NAME = "$(TARGET_NAME)";
				SWIFT_VERSION = 4.0;
			};
			name = Debug;
		};
		405575EF20A6BAAB0027C8F5 /* Release */ = {
			isa = XCBuildConfiguration;
			buildSettings = {
				CODE_SIGN_STYLE = Automatic;
				COMBINE_HIDPI_IMAGES = YES;
				DEVELOPMENT_TEAM = 35DL4KA652;
				INFOPLIST_FILE = test_LR51/Info.plist;
				LD_RUNPATH_SEARCH_PATHS = (
					"$(inherited)",
					"@executable_path/../Frameworks",
					"@loader_path/../Frameworks",
				);
				PRODUCT_BUNDLE_IDENTIFIER = "MTY.test-LR51";
				PRODUCT_NAME = "$(TARGET_NAME)";
				SWIFT_VERSION = 4.0;
			};
			name = Release;
		};
/* End XCBuildConfiguration section */

/* Begin XCConfigurationList section */
		405575D320A6B7D50027C8F5 /* Build configuration list for PBXProject "LR51" */ = {
			isa = XCConfigurationList;
			buildConfigurations = (
				405575DD20A6B7D50027C8F5 /* Debug */,
				405575DE20A6B7D50027C8F5 /* Release */,
			);
			defaultConfigurationIsVisible = 0;
			defaultConfigurationName = Release;
		};
		405575DF20A6B7D50027C8F5 /* Build configuration list for PBXNativeTarget "LR51" */ = {
			isa = XCConfigurationList;
			buildConfigurations = (
				405575E020A6B7D50027C8F5 /* Debug */,
				405575E120A6B7D50027C8F5 /* Release */,
			);
			defaultConfigurationIsVisible = 0;
			defaultConfigurationName = Release;
		};
		405575ED20A6BAAB0027C8F5 /* Build configuration list for PBXNativeTarget "test_LR51" */ = {
			isa = XCConfigurationList;
			buildConfigurations = (
				405575EE20A6BAAB0027C8F5 /* Debug */,
				405575EF20A6BAAB0027C8F5 /* Release */,
			);
			defaultConfigurationIsVisible = 0;
			defaultConfigurationName = Release;
		};
/* End XCConfigurationList section */
	};
	rootObject = 405575D020A6B7D50027C8F5 /* Project object */;
}
